
Microsoft Visual Studio Solution File, Format Version 12.00
# Visual Studio 14
VisualStudioVersion = 14.0.25420.1
MinimumVisualStudioVersion = 10.0.40219.1
Project("{FAE04EC0-301F-11D3-BF4B-00C04F79EFBC}") = "JPB.Shell", "JPB.Shell\JPB.Shell.csproj", "{AF0A3EDB-4B05-48D7-911E-032E5199313C}"
EndProject
Project("{FAE04EC0-301F-11D3-BF4B-00C04F79EFBC}") = "JPB.Shell.Contracts", "JPB.Shell.Contracts\JPB.Shell.Contracts.csproj", "{24A73ED5-9F97-45D7-9502-893FA9B1452A}"
EndProject
Project("{FAE04EC0-301F-11D3-BF4B-00C04F79EFBC}") = "JPB.Shell.MEF", "JPB.Shell.MEF\JPB.Shell.MEF.csproj", "{35D30EC9-6F9D-448E-9A82-1EC790159213}"
EndProject
Project("{FAE04EC0-301F-11D3-BF4B-00C04F79EFBC}") = "JPB.Shell.CommonAppliationContainer", "JPB.Shell.Commen.AppliationContainer\JPB.Shell.CommonAppliationContainer.csproj", "{EA8293CE-FEEA-40EB-876E-DB5FBBFCF09C}"
EndProject
Project("{2150E333-8FDC-42A3-9474-1A3956D46DE8}") = "Shell Common", "Shell Common", "{3981B3EB-2988-4EB2-A1CD-87DEA7F17974}"
EndProject
Project("{2150E333-8FDC-42A3-9474-1A3956D46DE8}") = "Shell", "Shell", "{DA988A0F-550A-4827-A4CC-9EF25EDBBD83}"
EndProject
Project("{FAE04EC0-301F-11D3-BF4B-00C04F79EFBC}") = "JPB.Shell.CommonContracts", "JPB.Shell.CommonContracts\JPB.Shell.CommonContracts.csproj", "{2727CA10-32B6-4AD0-8996-A68884FDE3F9}"
EndProject
Global
	GlobalSection(SolutionConfigurationPlatforms) = preSolution
		Debug|Any CPU = Debug|Any CPU
		Debug|Mixed Platforms = Debug|Mixed Platforms
		Debug|x86 = Debug|x86
		ExternalRelease|Any CPU = ExternalRelease|Any CPU
		ExternalRelease|Mixed Platforms = ExternalRelease|Mixed Platforms
		ExternalRelease|x86 = ExternalRelease|x86
		Release|Any CPU = Release|Any CPU
		Release|Mixed Platforms = Release|Mixed Platforms
		Release|x86 = Release|x86
		Server|Any CPU = Server|Any CPU
		Server|Mixed Platforms = Server|Mixed Platforms
		Server|x86 = Server|x86
	EndGlobalSection
	GlobalSection(ProjectConfigurationPlatforms) = postSolution
		{AF0A3EDB-4B05-48D7-911E-032E5199313C}.Debug|Any CPU.ActiveCfg = Debug|x86
		{AF0A3EDB-4B05-48D7-911E-032E5199313C}.Debug|Mixed Platforms.ActiveCfg = Debug|x86
		{AF0A3EDB-4B05-48D7-911E-032E5199313C}.Debug|Mixed Platforms.Build.0 = Debug|x86
		{AF0A3EDB-4B05-48D7-911E-032E5199313C}.Debug|x86.ActiveCfg = Debug|x86
		{AF0A3EDB-4B05-48D7-911E-032E5199313C}.Debug|x86.Build.0 = Debug|x86
		{AF0A3EDB-4B05-48D7-911E-032E5199313C}.ExternalRelease|Any CPU.ActiveCfg = Release|x86
		{AF0A3EDB-4B05-48D7-911E-032E5199313C}.ExternalRelease|Mixed Platforms.ActiveCfg = Release|x86
		{AF0A3EDB-4B05-48D7-911E-032E5199313C}.ExternalRelease|Mixed Platforms.Build.0 = Release|x86
		{AF0A3EDB-4B05-48D7-911E-032E5199313C}.ExternalRelease|x86.ActiveCfg = Release|x86
		{AF0A3EDB-4B05-48D7-911E-032E5199313C}.ExternalRelease|x86.Build.0 = Release|x86
		{AF0A3EDB-4B05-48D7-911E-032E5199313C}.Release|Any CPU.ActiveCfg = Release|x86
		{AF0A3EDB-4B05-48D7-911E-032E5199313C}.Release|Mixed Platforms.ActiveCfg = Release|x86
		{AF0A3EDB-4B05-48D7-911E-032E5199313C}.Release|Mixed Platforms.Build.0 = Release|x86
		{AF0A3EDB-4B05-48D7-911E-032E5199313C}.Release|x86.ActiveCfg = Release|x86
		{AF0A3EDB-4B05-48D7-911E-032E5199313C}.Release|x86.Build.0 = Release|x86
		{AF0A3EDB-4B05-48D7-911E-032E5199313C}.Server|Any CPU.ActiveCfg = Server|x86
		{AF0A3EDB-4B05-48D7-911E-032E5199313C}.Server|Mixed Platforms.ActiveCfg = Server|x86
		{AF0A3EDB-4B05-48D7-911E-032E5199313C}.Server|Mixed Platforms.Build.0 = Server|x86
		{AF0A3EDB-4B05-48D7-911E-032E5199313C}.Server|x86.ActiveCfg = Server|x86
		{AF0A3EDB-4B05-48D7-911E-032E5199313C}.Server|x86.Build.0 = Server|x86
		{24A73ED5-9F97-45D7-9502-893FA9B1452A}.Debug|Any CPU.ActiveCfg = Debug|Any CPU
		{24A73ED5-9F97-45D7-9502-893FA9B1452A}.Debug|Any CPU.Build.0 = Debug|Any CPU
		{24A73ED5-9F97-45D7-9502-893FA9B1452A}.Debug|Mixed Platforms.ActiveCfg = Debug|Any CPU
		{24A73ED5-9F97-45D7-9502-893FA9B1452A}.Debug|Mixed Platforms.Build.0 = Debug|Any CPU
		{24A73ED5-9F97-45D7-9502-893FA9B1452A}.Debug|x86.ActiveCfg = Debug|Any CPU
		{24A73ED5-9F97-45D7-9502-893FA9B1452A}.ExternalRelease|Any CPU.ActiveCfg = Release|Any CPU
		{24A73ED5-9F97-45D7-9502-893FA9B1452A}.ExternalRelease|Any CPU.Build.0 = Release|Any CPU
		{24A73ED5-9F97-45D7-9502-893FA9B1452A}.ExternalRelease|Mixed Platforms.ActiveCfg = Release|Any CPU
		{24A73ED5-9F97-45D7-9502-893FA9B1452A}.ExternalRelease|Mixed Platforms.Build.0 = Release|Any CPU
		{24A73ED5-9F97-45D7-9502-893FA9B1452A}.ExternalRelease|x86.ActiveCfg = Release|Any CPU
		{24A73ED5-9F97-45D7-9502-893FA9B1452A}.Release|Any CPU.ActiveCfg = Release|Any CPU
		{24A73ED5-9F97-45D7-9502-893FA9B1452A}.Release|Any CPU.Build.0 = Release|Any CPU
		{24A73ED5-9F97-45D7-9502-893FA9B1452A}.Release|Mixed Platforms.ActiveCfg = Release|Any CPU
		{24A73ED5-9F97-45D7-9502-893FA9B1452A}.Release|Mixed Platforms.Build.0 = Release|Any CPU
		{24A73ED5-9F97-45D7-9502-893FA9B1452A}.Release|x86.ActiveCfg = Release|Any CPU
		{24A73ED5-9F97-45D7-9502-893FA9B1452A}.Server|Any CPU.ActiveCfg = Server|Any CPU
		{24A73ED5-9F97-45D7-9502-893FA9B1452A}.Server|Any CPU.Build.0 = Server|Any CPU
		{24A73ED5-9F97-45D7-9502-893FA9B1452A}.Server|Mixed Platforms.ActiveCfg = Server|Any CPU
		{24A73ED5-9F97-45D7-9502-893FA9B1452A}.Server|Mixed Platforms.Build.0 = Server|Any CPU
		{24A73ED5-9F97-45D7-9502-893FA9B1452A}.Server|x86.ActiveCfg = Server|Any CPU
		{35D30EC9-6F9D-448E-9A82-1EC790159213}.Debug|Any CPU.ActiveCfg = Debug|Any CPU
		{35D30EC9-6F9D-448E-9A82-1EC790159213}.Debug|Any CPU.Build.0 = Debug|Any CPU
		{35D30EC9-6F9D-448E-9A82-1EC790159213}.Debug|Mixed Platforms.ActiveCfg = Debug|Any CPU
		{35D30EC9-6F9D-448E-9A82-1EC790159213}.Debug|Mixed Platforms.Build.0 = Debug|Any CPU
		{35D30EC9-6F9D-448E-9A82-1EC790159213}.Debug|x86.ActiveCfg = Debug|Any CPU
		{35D30EC9-6F9D-448E-9A82-1EC790159213}.ExternalRelease|Any CPU.ActiveCfg = Release|Any CPU
		{35D30EC9-6F9D-448E-9A82-1EC790159213}.ExternalRelease|Any CPU.Build.0 = Release|Any CPU
		{35D30EC9-6F9D-448E-9A82-1EC790159213}.ExternalRelease|Mixed Platforms.ActiveCfg = Release|Any CPU
		{35D30EC9-6F9D-448E-9A82-1EC790159213}.ExternalRelease|Mixed Platforms.Build.0 = Release|Any CPU
		{35D30EC9-6F9D-448E-9A82-1EC790159213}.ExternalRelease|x86.ActiveCfg = Release|Any CPU
		{35D30EC9-6F9D-448E-9A82-1EC790159213}.Release|Any CPU.ActiveCfg = Release|Any CPU
		{35D30EC9-6F9D-448E-9A82-1EC790159213}.Release|Any CPU.Build.0 = Release|Any CPU
		{35D30EC9-6F9D-448E-9A82-1EC790159213}.Release|Mixed Platforms.ActiveCfg = Release|Any CPU
		{35D30EC9-6F9D-448E-9A82-1EC790159213}.Release|Mixed Platforms.Build.0 = Release|Any CPU
		{35D30EC9-6F9D-448E-9A82-1EC790159213}.Release|x86.ActiveCfg = Release|Any CPU
		{35D30EC9-6F9D-448E-9A82-1EC790159213}.Server|Any CPU.ActiveCfg = Server|Any CPU
		{35D30EC9-6F9D-448E-9A82-1EC790159213}.Server|Any CPU.Build.0 = Server|Any CPU
		{35D30EC9-6F9D-448E-9A82-1EC790159213}.Server|Mixed Platforms.ActiveCfg = Server|Any CPU
		{35D30EC9-6F9D-448E-9A82-1EC790159213}.Server|Mixed Platforms.Build.0 = Server|Any CPU
		{35D30EC9-6F9D-448E-9A82-1EC790159213}.Server|x86.ActiveCfg = Server|Any CPU
		{EA8293CE-FEEA-40EB-876E-DB5FBBFCF09C}.Debug|Any CPU.ActiveCfg = Debug|Any CPU
		{EA8293CE-FEEA-40EB-876E-DB5FBBFCF09C}.Debug|Any CPU.Build.0 = Debug|Any CPU
		{EA8293CE-FEEA-40EB-876E-DB5FBBFCF09C}.Debug|Mixed Platforms.ActiveCfg = Debug|Any CPU
		{EA8293CE-FEEA-40EB-876E-DB5FBBFCF09C}.Debug|Mixed Platforms.Build.0 = Debug|Any CPU
		{EA8293CE-FEEA-40EB-876E-DB5FBBFCF09C}.Debug|x86.ActiveCfg = Debug|Any CPU
		{EA8293CE-FEEA-40EB-876E-DB5FBBFCF09C}.ExternalRelease|Any CPU.ActiveCfg = Release|Any CPU
		{EA8293CE-FEEA-40EB-876E-DB5FBBFCF09C}.ExternalRelease|Any CPU.Build.0 = Release|Any CPU
		{EA8293CE-FEEA-40EB-876E-DB5FBBFCF09C}.ExternalRelease|Mixed Platforms.ActiveCfg = Release|Any CPU
		{EA8293CE-FEEA-40EB-876E-DB5FBBFCF09C}.ExternalRelease|Mixed Platforms.Build.0 = Release|Any CPU
		{EA8293CE-FEEA-40EB-876E-DB5FBBFCF09C}.ExternalRelease|x86.ActiveCfg = Release|Any CPU
		{EA8293CE-FEEA-40EB-876E-DB5FBBFCF09C}.Release|Any CPU.ActiveCfg = Release|Any CPU
		{EA8293CE-FEEA-40EB-876E-DB5FBBFCF09C}.Release|Any CPU.Build.0 = Release|Any CPU
		{EA8293CE-FEEA-40EB-876E-DB5FBBFCF09C}.Release|Mixed Platforms.ActiveCfg = Release|Any CPU
		{EA8293CE-FEEA-40EB-876E-DB5FBBFCF09C}.Release|Mixed Platforms.Build.0 = Release|Any CPU
		{EA8293CE-FEEA-40EB-876E-DB5FBBFCF09C}.Release|x86.ActiveCfg = Release|Any CPU
		{EA8293CE-FEEA-40EB-876E-DB5FBBFCF09C}.Server|Any CPU.ActiveCfg = Release|Any CPU
		{EA8293CE-FEEA-40EB-876E-DB5FBBFCF09C}.Server|Any CPU.Build.0 = Release|Any CPU
		{EA8293CE-FEEA-40EB-876E-DB5FBBFCF09C}.Server|Mixed Platforms.ActiveCfg = Release|Any CPU
		{EA8293CE-FEEA-40EB-876E-DB5FBBFCF09C}.Server|Mixed Platforms.Build.0 = Release|Any CPU
		{EA8293CE-FEEA-40EB-876E-DB5FBBFCF09C}.Server|x86.ActiveCfg = Release|Any CPU
		{2727CA10-32B6-4AD0-8996-A68884FDE3F9}.Debug|Any CPU.ActiveCfg = Debug|Any CPU
		{2727CA10-32B6-4AD0-8996-A68884FDE3F9}.Debug|Any CPU.Build.0 = Debug|Any CPU
		{2727CA10-32B6-4AD0-8996-A68884FDE3F9}.Debug|Mixed Platforms.ActiveCfg = Debug|Any CPU
		{2727CA10-32B6-4AD0-8996-A68884FDE3F9}.Debug|Mixed Platforms.Build.0 = Debug|Any CPU
		{2727CA10-32B6-4AD0-8996-A68884FDE3F9}.Debug|x86.ActiveCfg = Debug|Any CPU
		{2727CA10-32B6-4AD0-8996-A68884FDE3F9}.ExternalRelease|Any CPU.ActiveCfg = Release|Any CPU
		{2727CA10-32B6-4AD0-8996-A68884FDE3F9}.ExternalRelease|Any CPU.Build.0 = Release|Any CPU
		{2727CA10-32B6-4AD0-8996-A68884FDE3F9}.ExternalRelease|Mixed Platforms.ActiveCfg = Release|Any CPU
		{2727CA10-32B6-4AD0-8996-A68884FDE3F9}.ExternalRelease|Mixed Platforms.Build.0 = Release|Any CPU
		{2727CA10-32B6-4AD0-8996-A68884FDE3F9}.ExternalRelease|x86.ActiveCfg = Release|Any CPU
		{2727CA10-32B6-4AD0-8996-A68884FDE3F9}.Release|Any CPU.ActiveCfg = Release|Any CPU
		{2727CA10-32B6-4AD0-8996-A68884FDE3F9}.Release|Any CPU.Build.0 = Release|Any CPU
		{2727CA10-32B6-4AD0-8996-A68884FDE3F9}.Release|Mixed Platforms.ActiveCfg = Release|Any CPU
		{2727CA10-32B6-4AD0-8996-A68884FDE3F9}.Release|Mixed Platforms.Build.0 = Release|Any CPU
		{2727CA10-32B6-4AD0-8996-A68884FDE3F9}.Release|x86.ActiveCfg = Release|Any CPU
		{2727CA10-32B6-4AD0-8996-A68884FDE3F9}.Server|Any CPU.ActiveCfg = Release|Any CPU
		{2727CA10-32B6-4AD0-8996-A68884FDE3F9}.Server|Any CPU.Build.0 = Release|Any CPU
		{2727CA10-32B6-4AD0-8996-A68884FDE3F9}.Server|Mixed Platforms.ActiveCfg = Release|Any CPU
		{2727CA10-32B6-4AD0-8996-A68884FDE3F9}.Server|Mixed Platforms.Build.0 = Release|Any CPU
		{2727CA10-32B6-4AD0-8996-A68884FDE3F9}.Server|x86.ActiveCfg = Release|Any CPU
	EndGlobalSection
	GlobalSection(SolutionProperties) = preSolution
		HideSolutionNode = FALSE
	EndGlobalSection
	GlobalSection(NestedProjects) = preSolution
		{24A73ED5-9F97-45D7-9502-893FA9B1452A} = {DA988A0F-550A-4827-A4CC-9EF25EDBBD83}
		{35D30EC9-6F9D-448E-9A82-1EC790159213} = {DA988A0F-550A-4827-A4CC-9EF25EDBBD83}
		{AF0A3EDB-4B05-48D7-911E-032E5199313C} = {DA988A0F-550A-4827-A4CC-9EF25EDBBD83}
		{EA8293CE-FEEA-40EB-876E-DB5FBBFCF09C} = {3981B3EB-2988-4EB2-A1CD-87DEA7F17974}
		{2727CA10-32B6-4AD0-8996-A68884FDE3F9} = {3981B3EB-2988-4EB2-A1CD-87DEA7F17974}
	EndGlobalSection
EndGlobal
